
Microsoft Visual Studio Solution File, Format Version 12.00
# Visual Studio Version 17
VisualStudioVersion = 17.14.36401.2 d17.14
MinimumVisualStudioVersion = 10.0.40219.1
Project("{FAE04EC0-301F-11D3-BF4B-00C04F79EFBC}") = "HackFox2026", "HackFox2026.csproj", "{CFA6C71C-2965-4F90-B923-5F59F5DCAEF5}"
EndProject
Global
	GlobalSection(SolutionConfigurationPlatforms) = preSolution
		Debug|Any CPU = Debug|Any CPU
		Release|Any CPU = Release|Any CPU
	EndGlobalSection
	GlobalSection(ProjectConfigurationPlatforms) = postSolution
		{CFA6C71C-2965-4F90-B923-5F59F5DCAEF5}.Debug|Any CPU.ActiveCfg = Debug|Any CPU
		{CFA6C71C-2965-4F90-B923-5F59F5DCAEF5}.Debug|Any CPU.Build.0 = Debug|Any CPU
		{CFA6C71C-2965-4F90-B923-5F59F5DCAEF5}.Release|Any CPU.ActiveCfg = Release|Any CPU
		{CFA6C71C-2965-4F90-B923-5F59F5DCAEF5}.Release|Any CPU.Build.0 = Release|Any CPU
	EndGlobalSection
	GlobalSection(SolutionProperties) = preSolution
		HideSolutionNode = FALSE
	EndGlobalSection
	GlobalSection(ExtensibilityGlobals) = postSolution
		SolutionGuid = {226C0CAB-27ED-45B1-9A15-B1C0545E71D3}
	EndGlobalSection
EndGlobal
